
Microsoft Visual Studio Solution File, Format Version 12.00
# Visual Studio Version 17
VisualStudioVersion = 17.10.34928.147
MinimumVisualStudioVersion = 10.0.40219.1
Project("{FAE04EC0-301F-11D3-BF4B-00C04F79EFBC}") = "Giriraj digital", "Giriraj digital\Giriraj digital.csproj", "{42DF7CB5-C1B7-4930-B46A-E229A24DEDEB}"
EndProject
Global
	GlobalSection(SolutionConfigurationPlatforms) = preSolution
		Debug|Any CPU = Debug|Any CPU
		Release|Any CPU = Release|Any CPU
	EndGlobalSection
	GlobalSection(ProjectConfigurationPlatforms) = postSolution
		{42DF7CB5-C1B7-4930-B46A-E229A24DEDEB}.Debug|Any CPU.ActiveCfg = Debug|Any CPU
		{42DF7CB5-C1B7-4930-B46A-E229A24DEDEB}.Debug|Any CPU.Build.0 = Debug|Any CPU
		{42DF7CB5-C1B7-4930-B46A-E229A24DEDEB}.Release|Any CPU.ActiveCfg = Release|Any CPU
		{42DF7CB5-C1B7-4930-B46A-E229A24DEDEB}.Release|Any CPU.Build.0 = Release|Any CPU
	EndGlobalSection
	GlobalSection(SolutionProperties) = preSolution
		HideSolutionNode = FALSE
	EndGlobalSection
	GlobalSection(ExtensibilityGlobals) = postSolution
		SolutionGuid = {DDCAB7EA-4959-455E-9CDB-E17EAC87AB44}
	EndGlobalSection
EndGlobal
